{
  "nodes": {
    "disko": {
      "inputs": {
        "nixpkgs": "nixpkgs"
      },
      "locked": {
        "lastModified": 1710906792,
        "narHash": "sha256-kFzpfZcInLhBFWHy452NlvFuzNr0BDEkz3w9Sgg2ypo=",
        "owner": "nix-community",
        "repo": "disko",
        "rev": "e9875b969086a53dff5ec4677575ad3156fc875d",
        "type": "github"
      },
      "original": {
        "owner": "nix-community",
        "repo": "disko",
        "type": "github"
      }
    },
    "nixpkgs": {
      "locked": {
        "lastModified": 1710701596,
        "narHash": "sha256-v4lsAi3vE/sEWg0G8AydMjs3NTHlsNw8K01xw06cKLg=",
        "owner": "NixOS",
        "repo": "nixpkgs",
        "rev": "34ad8c9f29a18b4dd97a9ad40ceb16954f24afe7",
        "type": "github"
      },
      "original": {
        "owner": "NixOS",
        "ref": "nixpkgs-unstable",
        "repo": "nixpkgs",
        "type": "github"
      }
    },
    "nixpkgs_2": {
      "locked": {
        "lastModified": 1710806803,
        "narHash": "sha256-qrxvLS888pNJFwJdK+hf1wpRCSQcqA6W5+Ox202NDa0=",
        "owner": "NixOS",
        "repo": "nixpkgs",
        "rev": "b06025f1533a1e07b6db3e75151caa155d1c7eb3",
        "type": "github"
      },
      "original": {
        "id": "nixpkgs",
        "ref": "nixos-unstable",
        "type": "indirect"
      }
    },
    "root": {
      "inputs": {
        "disko": "disko",
        "nixpkgs": "nixpkgs_2"
      }
    }
  },
  "root": "root",
  "version": 7
}
